{
    "name": "@master/element",
    "version": "1.0.0",
    "lockfileVersion": 1,
    "requires": true,
    "dependencies": {
        "@master/dom": {
            "version": "1.0.0",
            "resolved": "https://registry.npmjs.org/@master/dom/-/dom-1.0.0.tgz",
            "integrity": "sha512-f8anc779S6RPsUJAk8S0pvO+S5FHksoHP+SdNiAaulTyXTLhHoIvc8r42bDkA49q8NVKwhy42Uox4sh6g6Yvfw=="
        },
        "reflect-metadata": {
            "version": "0.1.13",
            "resolved": "https://registry.npmjs.org/reflect-metadata/-/reflect-metadata-0.1.13.tgz",
            "integrity": "sha512-Ts1Y/anZELhSsjMcU605fU9RE4Oi3p5ORujwbIKXfWa+0Zxs510Qrmrce5/Jowq3cHSZSJqBjypxmHarc+vEWg=="
        }
    }
}
